
Microsoft Visual Studio Solution File, Format Version 12.00
# Visual Studio 15
VisualStudioVersion = 15.0.27004.2009
MinimumVisualStudioVersion = 10.0.40219.1
Project("{FAE04EC0-301F-11D3-BF4B-00C04F79EFBC}") = "Lab6", "Lab6\Lab6.csproj", "{C774779E-EB64-47CE-89B5-41D225FCAF92}"
EndProject
Global
	GlobalSection(SolutionConfigurationPlatforms) = preSolution
		Debug|Any CPU = Debug|Any CPU
		Release|Any CPU = Release|Any CPU
	EndGlobalSection
	GlobalSection(ProjectConfigurationPlatforms) = postSolution
		{C774779E-EB64-47CE-89B5-41D225FCAF92}.Debug|Any CPU.ActiveCfg = Debug|Any CPU
		{C774779E-EB64-47CE-89B5-41D225FCAF92}.Debug|Any CPU.Build.0 = Debug|Any CPU
		{C774779E-EB64-47CE-89B5-41D225FCAF92}.Release|Any CPU.ActiveCfg = Release|Any CPU
		{C774779E-EB64-47CE-89B5-41D225FCAF92}.Release|Any CPU.Build.0 = Release|Any CPU
	EndGlobalSection
	GlobalSection(SolutionProperties) = preSolution
		HideSolutionNode = FALSE
	EndGlobalSection
	GlobalSection(ExtensibilityGlobals) = postSolution
		SolutionGuid = {4618DA55-5BF2-4740-8F18-8DCEA707C62B}
	EndGlobalSection
EndGlobal
