
Microsoft Visual Studio Solution File, Format Version 12.00
# Visual Studio Version 16
VisualStudioVersion = 16.0.29230.47
MinimumVisualStudioVersion = 10.0.40219.1
Project("{FAE04EC0-301F-11D3-BF4B-00C04F79EFBC}") = "Lab5_L-systems", "Lab5_L-systems\Lab5_L-systems.csproj", "{FDFCA121-9DA3-411E-827C-8E440495FD8A}"
EndProject
Project("{FAE04EC0-301F-11D3-BF4B-00C04F79EFBC}") = "lab5_task2", "lab5_task2\lab5_task2.csproj", "{BAB42247-9CB3-444E-A180-F809720A5E9E}"
EndProject
Project("{FAE04EC0-301F-11D3-BF4B-00C04F79EFBC}") = "BezierCurves", "lab5_Alina\BezierCurves\BezierCurves.csproj", "{7AD53214-CD12-4020-809E-A7E694EA0903}"
EndProject
Global
	GlobalSection(SolutionConfigurationPlatforms) = preSolution
		Debug|Any CPU = Debug|Any CPU
		Release|Any CPU = Release|Any CPU
	EndGlobalSection
	GlobalSection(ProjectConfigurationPlatforms) = postSolution
		{FDFCA121-9DA3-411E-827C-8E440495FD8A}.Debug|Any CPU.ActiveCfg = Debug|Any CPU
		{FDFCA121-9DA3-411E-827C-8E440495FD8A}.Debug|Any CPU.Build.0 = Debug|Any CPU
		{FDFCA121-9DA3-411E-827C-8E440495FD8A}.Release|Any CPU.ActiveCfg = Release|Any CPU
		{FDFCA121-9DA3-411E-827C-8E440495FD8A}.Release|Any CPU.Build.0 = Release|Any CPU
		{BAB42247-9CB3-444E-A180-F809720A5E9E}.Debug|Any CPU.ActiveCfg = Debug|Any CPU
		{BAB42247-9CB3-444E-A180-F809720A5E9E}.Debug|Any CPU.Build.0 = Debug|Any CPU
		{BAB42247-9CB3-444E-A180-F809720A5E9E}.Release|Any CPU.ActiveCfg = Release|Any CPU
		{BAB42247-9CB3-444E-A180-F809720A5E9E}.Release|Any CPU.Build.0 = Release|Any CPU
		{7AD53214-CD12-4020-809E-A7E694EA0903}.Debug|Any CPU.ActiveCfg = Debug|Any CPU
		{7AD53214-CD12-4020-809E-A7E694EA0903}.Debug|Any CPU.Build.0 = Debug|Any CPU
		{7AD53214-CD12-4020-809E-A7E694EA0903}.Release|Any CPU.ActiveCfg = Release|Any CPU
		{7AD53214-CD12-4020-809E-A7E694EA0903}.Release|Any CPU.Build.0 = Release|Any CPU
	EndGlobalSection
	GlobalSection(SolutionProperties) = preSolution
		HideSolutionNode = FALSE
	EndGlobalSection
	GlobalSection(ExtensibilityGlobals) = postSolution
		SolutionGuid = {6FBB242E-7C28-4753-A632-9310F0067F17}
	EndGlobalSection
EndGlobal
